
Microsoft Visual Studio Solution File, Format Version 12.00
# Visual Studio Version 17
VisualStudioVersion = 17.11.35312.102
MinimumVisualStudioVersion = 10.0.40219.1
Project("{FAE04EC0-301F-11D3-BF4B-00C04F79EFBC}") = "CalculatorLibrary", "CalculatorLibrary\CalculatorLibrary.csproj", "{5D499A50-632A-49EF-B8E2-738F2A1FCFB8}"
EndProject
Project("{FAE04EC0-301F-11D3-BF4B-00C04F79EFBC}") = "CalculatorApp", "CalculatorApp\CalculatorApp.csproj", "{F33053D1-68F7-4A73-A586-80BF38EB7811}"
EndProject
Global
	GlobalSection(SolutionConfigurationPlatforms) = preSolution
		Debug|Any CPU = Debug|Any CPU
		Release|Any CPU = Release|Any CPU
	EndGlobalSection
	GlobalSection(ProjectConfigurationPlatforms) = postSolution
		{5D499A50-632A-49EF-B8E2-738F2A1FCFB8}.Debug|Any CPU.ActiveCfg = Debug|Any CPU
		{5D499A50-632A-49EF-B8E2-738F2A1FCFB8}.Debug|Any CPU.Build.0 = Debug|Any CPU
		{5D499A50-632A-49EF-B8E2-738F2A1FCFB8}.Release|Any CPU.ActiveCfg = Release|Any CPU
		{5D499A50-632A-49EF-B8E2-738F2A1FCFB8}.Release|Any CPU.Build.0 = Release|Any CPU
		{F33053D1-68F7-4A73-A586-80BF38EB7811}.Debug|Any CPU.ActiveCfg = Debug|Any CPU
		{F33053D1-68F7-4A73-A586-80BF38EB7811}.Debug|Any CPU.Build.0 = Debug|Any CPU
		{F33053D1-68F7-4A73-A586-80BF38EB7811}.Release|Any CPU.ActiveCfg = Release|Any CPU
		{F33053D1-68F7-4A73-A586-80BF38EB7811}.Release|Any CPU.Build.0 = Release|Any CPU
	EndGlobalSection
	GlobalSection(SolutionProperties) = preSolution
		HideSolutionNode = FALSE
	EndGlobalSection
	GlobalSection(ExtensibilityGlobals) = postSolution
		SolutionGuid = {EE698D9B-6C15-4125-8522-619237ADC7B7}
	EndGlobalSection
EndGlobal
